
Microsoft Visual Studio Solution File, Format Version 12.00
# Visual Studio 2012
Project("{FAE04EC0-301F-11D3-BF4B-00C04F79EFBC}") = "crystal_weed", "crystal_weed\crystal_weed.csproj", "{18DB695A-7064-44F4-B25E-86216A1D58EB}"
EndProject
Global
	GlobalSection(SolutionConfigurationPlatforms) = preSolution
		Debug|x86 = Debug|x86
		Release|x86 = Release|x86
	EndGlobalSection
	GlobalSection(ProjectConfigurationPlatforms) = postSolution
		{18DB695A-7064-44F4-B25E-86216A1D58EB}.Debug|x86.ActiveCfg = Debug|x86
		{18DB695A-7064-44F4-B25E-86216A1D58EB}.Debug|x86.Build.0 = Debug|x86
		{18DB695A-7064-44F4-B25E-86216A1D58EB}.Release|x86.ActiveCfg = Release|x86
		{18DB695A-7064-44F4-B25E-86216A1D58EB}.Release|x86.Build.0 = Release|x86
	EndGlobalSection
EndGlobal
